
Microsoft Visual Studio Solution File, Format Version 12.00
# Visual Studio Version 16
VisualStudioVersion = 16.0.31005.135
MinimumVisualStudioVersion = 10.0.40219.1
Project("{FAE04EC0-301F-11D3-BF4B-00C04F79EFBC}") = "MediaMicroservice", "MediaMicroservice.csproj", "{BDF87DEC-A12F-4E78-B258-7BC23EB4FB25}"
EndProject
Global
	GlobalSection(SolutionConfigurationPlatforms) = preSolution
		Debug|Any CPU = Debug|Any CPU
		Release|Any CPU = Release|Any CPU
	EndGlobalSection
	GlobalSection(ProjectConfigurationPlatforms) = postSolution
		{BDF87DEC-A12F-4E78-B258-7BC23EB4FB25}.Debug|Any CPU.ActiveCfg = Debug|Any CPU
		{BDF87DEC-A12F-4E78-B258-7BC23EB4FB25}.Debug|Any CPU.Build.0 = Debug|Any CPU
		{BDF87DEC-A12F-4E78-B258-7BC23EB4FB25}.Release|Any CPU.ActiveCfg = Release|Any CPU
		{BDF87DEC-A12F-4E78-B258-7BC23EB4FB25}.Release|Any CPU.Build.0 = Release|Any CPU
	EndGlobalSection
	GlobalSection(SolutionProperties) = preSolution
		HideSolutionNode = FALSE
	EndGlobalSection
	GlobalSection(ExtensibilityGlobals) = postSolution
		SolutionGuid = {D51F7E4C-023C-4214-97DC-38933542E953}
	EndGlobalSection
EndGlobal
