
Microsoft Visual Studio Solution File, Format Version 12.00
# Visual Studio Version 16
VisualStudioVersion = 16.0.31515.178
MinimumVisualStudioVersion = 10.0.40219.1
Project("{FAE04EC0-301F-11D3-BF4B-00C04F79EFBC}") = "BlockingMicroservice", "BlockingMicroservice\BlockingMicroservice.csproj", "{A7E79FCA-1978-4DCA-B737-8D05042C6755}"
EndProject
Global
	GlobalSection(SolutionConfigurationPlatforms) = preSolution
		Debug|Any CPU = Debug|Any CPU
		Release|Any CPU = Release|Any CPU
	EndGlobalSection
	GlobalSection(ProjectConfigurationPlatforms) = postSolution
		{A7E79FCA-1978-4DCA-B737-8D05042C6755}.Debug|Any CPU.ActiveCfg = Debug|Any CPU
		{A7E79FCA-1978-4DCA-B737-8D05042C6755}.Debug|Any CPU.Build.0 = Debug|Any CPU
		{A7E79FCA-1978-4DCA-B737-8D05042C6755}.Release|Any CPU.ActiveCfg = Release|Any CPU
		{A7E79FCA-1978-4DCA-B737-8D05042C6755}.Release|Any CPU.Build.0 = Release|Any CPU
	EndGlobalSection
	GlobalSection(SolutionProperties) = preSolution
		HideSolutionNode = FALSE
	EndGlobalSection
	GlobalSection(ExtensibilityGlobals) = postSolution
		SolutionGuid = {E0F323E4-C43A-4C91-AD5A-D6D57ABB7CFB}
	EndGlobalSection
EndGlobal
